
Microsoft Visual Studio Solution File, Format Version 12.00
# Visual Studio Version 17
VisualStudioVersion = 17.6.33829.357
MinimumVisualStudioVersion = 10.0.40219.1
Project("{8BC9CEB8-8B4A-11D0-8D11-00A0C91BC942}") = "栈和队列", "栈和队列\栈和队列.vcxproj", "{F1BC0EB3-CAB2-490D-AF1D-6410ED1357D5}"
EndProject
Global
	GlobalSection(SolutionConfigurationPlatforms) = preSolution
		Debug|x64 = Debug|x64
		Debug|x86 = Debug|x86
		Release|x64 = Release|x64
		Release|x86 = Release|x86
	EndGlobalSection
	GlobalSection(ProjectConfigurationPlatforms) = postSolution
		{F1BC0EB3-CAB2-490D-AF1D-6410ED1357D5}.Debug|x64.ActiveCfg = Debug|x64
		{F1BC0EB3-CAB2-490D-AF1D-6410ED1357D5}.Debug|x64.Build.0 = Debug|x64
		{F1BC0EB3-CAB2-490D-AF1D-6410ED1357D5}.Debug|x86.ActiveCfg = Debug|Win32
		{F1BC0EB3-CAB2-490D-AF1D-6410ED1357D5}.Debug|x86.Build.0 = Debug|Win32
		{F1BC0EB3-CAB2-490D-AF1D-6410ED1357D5}.Release|x64.ActiveCfg = Release|x64
		{F1BC0EB3-CAB2-490D-AF1D-6410ED1357D5}.Release|x64.Build.0 = Release|x64
		{F1BC0EB3-CAB2-490D-AF1D-6410ED1357D5}.Release|x86.ActiveCfg = Release|Win32
		{F1BC0EB3-CAB2-490D-AF1D-6410ED1357D5}.Release|x86.Build.0 = Release|Win32
	EndGlobalSection
	GlobalSection(SolutionProperties) = preSolution
		HideSolutionNode = FALSE
	EndGlobalSection
	GlobalSection(ExtensibilityGlobals) = postSolution
		SolutionGuid = {8C53D586-7EDA-4C8E-A011-CFD181E3A323}
	EndGlobalSection
EndGlobal
